
Microsoft Visual Studio Solution File, Format Version 12.00
# Visual Studio Version 17
VisualStudioVersion = 17.13.35825.156 d17.13
MinimumVisualStudioVersion = 10.0.40219.1
Project("{FAE04EC0-301F-11D3-BF4B-00C04F79EFBC}") = "StudentForm", "WinFormsApp1\StudentForm.csproj", "{9E92C160-94A6-487D-94B0-C67EDB9DC224}"
EndProject
Global
	GlobalSection(SolutionConfigurationPlatforms) = preSolution
		Debug|Any CPU = Debug|Any CPU
		Release|Any CPU = Release|Any CPU
	EndGlobalSection
	GlobalSection(ProjectConfigurationPlatforms) = postSolution
		{9E92C160-94A6-487D-94B0-C67EDB9DC224}.Debug|Any CPU.ActiveCfg = Debug|Any CPU
		{9E92C160-94A6-487D-94B0-C67EDB9DC224}.Debug|Any CPU.Build.0 = Debug|Any CPU
		{9E92C160-94A6-487D-94B0-C67EDB9DC224}.Release|Any CPU.ActiveCfg = Release|Any CPU
		{9E92C160-94A6-487D-94B0-C67EDB9DC224}.Release|Any CPU.Build.0 = Release|Any CPU
	EndGlobalSection
	GlobalSection(SolutionProperties) = preSolution
		HideSolutionNode = FALSE
	EndGlobalSection
	GlobalSection(ExtensibilityGlobals) = postSolution
		SolutionGuid = {7978C8F4-08F9-49D1-889D-E1AC6C414050}
	EndGlobalSection
EndGlobal
